{
  "name": "ellaisys-lib",
  "version": "0.0.1",
  "lockfileVersion": 1,
  "requires": true,
  "dependencies": {
    "@types/google-libphonenumber": {
      "version": "7.4.19",
      "resolved": "https://registry.npmjs.org/@types/google-libphonenumber/-/google-libphonenumber-7.4.19.tgz",
      "integrity": "sha512-Rm2VhKzu4UofafuTrNTG6fy+385x1PIomnTGGSzOXGbKLpXAhNlUG+7F6UdcIosM5JMvXcJBnwUW/u4qQmt0yg==",
      "dev": true
    }
  }
}
