{
  "name": "ngx-common-lib",
  "version": "0.0.1",
  "lockfileVersion": 3,
  "requires": true,
  "packages": {
    "": {
      "name": "ngx-common-lib",
      "version": "0.0.1",
      "dependencies": {
        "tslib": "^2.3.0"
      },
      "devDependencies": {
        "@types/google-libphonenumber": "^7.4.23"
      },
      "peerDependencies": {
        "@angular/compiler": "^16.2.0",
        "@angular/core": "^16.2.0"
      }
    },
    "node_modules/@angular/compiler": {
      "version": "16.2.1",
      "resolved": "https://registry.npmjs.org/@angular/compiler/-/compiler-16.2.1.tgz",
      "integrity": "sha512-dPauu+ESn79d66U9nBvnunNuBk/UMqnm7iL9Q31J8OKYN/4vrKbsO57pmULOft/GRAYsE3FdLBH0NkocFZKIMQ==",
      "peer": true,
      "dependencies": {
        "tslib": "^2.3.0"
      },
      "engines": {
        "node": "^16.14.0 || >=18.10.0"
      },
      "peerDependencies": {
        "@angular/core": "16.2.1"
      },
      "peerDependenciesMeta": {
        "@angular/core": {
          "optional": true
        }
      }
    },
    "node_modules/@angular/core": {
      "version": "16.2.1",
      "resolved": "https://registry.npmjs.org/@angular/core/-/core-16.2.1.tgz",
      "integrity": "sha512-Y+0jssQnJPovxMv9cDKYlp6BBHeFBLOHd/+FPv5IIGD1c7NwBP/TImJxCaIV78a57xnO8L0SFacDg/kULzvKrg==",
      "peer": true,
      "dependencies": {
        "tslib": "^2.3.0"
      },
      "engines": {
        "node": "^16.14.0 || >=18.10.0"
      },
      "peerDependencies": {
        "rxjs": "^6.5.3 || ^7.4.0",
        "zone.js": "~0.13.0"
      }
    },
    "node_modules/@types/google-libphonenumber": {
      "version": "7.4.25",
      "resolved": "https://registry.npmjs.org/@types/google-libphonenumber/-/google-libphonenumber-7.4.25.tgz",
      "integrity": "sha512-Cc8d9ipU18vsSA2of9hZcdab7QR0xpXWWtMZpLEI8t00pWYMcLy1fV1tTdJ2TVdI1qL0CJjJLQsVSDtljNx43A==",
      "dev": true
    },
    "node_modules/rxjs": {
      "version": "7.8.1",
      "resolved": "https://registry.npmjs.org/rxjs/-/rxjs-7.8.1.tgz",
      "integrity": "sha512-AA3TVj+0A2iuIoQkWEK/tqFjBq2j+6PO6Y0zJcvzLAFhEFIO3HL0vls9hWLncZbAAbK0mar7oZ4V079I/qPMxg==",
      "peer": true,
      "dependencies": {
        "tslib": "^2.1.0"
      }
    },
    "node_modules/tslib": {
      "version": "2.6.2",
      "resolved": "https://registry.npmjs.org/tslib/-/tslib-2.6.2.tgz",
      "integrity": "sha512-AEYxH93jGFPn/a2iVAwW87VuUIkR1FVUKB77NwMF7nBTDkDrrT/Hpt/IrCJ0QXhW27jTBDcf5ZY7w6RiqTMw2Q=="
    },
    "node_modules/zone.js": {
      "version": "0.13.1",
      "resolved": "https://registry.npmjs.org/zone.js/-/zone.js-0.13.1.tgz",
      "integrity": "sha512-+bIeDAFEBYuXRuU3qGQvzdPap+N1zjM4KkBAiiQuVVCrHrhjDuY6VkUhNa5+U27+9w0q3fbKiMCbpJ0XzMmSWA==",
      "peer": true,
      "dependencies": {
        "tslib": "^2.3.0"
      }
    }
  }
}
